{
  "version": 4,
  "terraform_version": "0.14.8",
  "serial": 58,
  "lineage": "f300deed-17ec-2161-b38c-33ec072a0e5b",
  "outputs": {},
  "resources": [
    {
      "mode": "managed",
      "type": "azurerm_availability_set",
      "name": "AS-WebServers",
      "provider": "provider[\"registry.terraform.io/hashicorp/azurerm\"]",
      "instances": [
        {
          "schema_version": 0,
          "attributes": {
            "id": "/subscriptions/8f1f9ef1-522d-49f2-b4c5-5cf775f1769a/resourceGroups/production-resources/providers/Microsoft.Compute/availabilitySets/AS-WebServers",
            "location": "eastus",
            "managed": true,
            "name": "AS-WebServers",
            "platform_fault_domain_count": 3,
            "platform_update_domain_count": 5,
            "proximity_placement_group_id": null,
            "resource_group_name": "production-resources",
            "tags": {
              "webserver-env": "Production"
            },
            "timeouts": null
          },
          "sensitive_attributes": [],
          "private": "eyJlMmJmYjczMC1lY2FhLTExZTYtOGY4OC0zNDM2M2JjN2M0YzAiOnsiY3JlYXRlIjoxODAwMDAwMDAwMDAwLCJkZWxldGUiOjE4MDAwMDAwMDAwMDAsInJlYWQiOjMwMDAwMDAwMDAwMCwidXBkYXRlIjoxODAwMDAwMDAwMDAwfX0=",
          "dependencies": [
            "azurerm_resource_group.RG-WebServers"
          ]
        }
      ]
    },
    {
      "mode": "managed",
      "type": "azurerm_lb",
      "name": "LB-WebServers",
      "provider": "provider[\"registry.terraform.io/hashicorp/azurerm\"]",
      "instances": [
        {
          "schema_version": 0,
          "attributes": {
            "frontend_ip_configuration": [
              {
                "id": "/subscriptions/8f1f9ef1-522d-49f2-b4c5-5cf775f1769a/resourceGroups/production-resources/providers/Microsoft.Network/loadBalancers/LB-WebServers/frontendIPConfigurations/Frontend-IPconfig",
                "inbound_nat_rules": [],
                "load_balancer_rules": [],
                "name": "Frontend-IPconfig",
                "outbound_rules": [],
                "private_ip_address": "",
                "private_ip_address_allocation": "Dynamic",
                "private_ip_address_version": "IPv4",
                "public_ip_address_id": "/subscriptions/8f1f9ef1-522d-49f2-b4c5-5cf775f1769a/resourceGroups/production-resources/providers/Microsoft.Network/publicIPAddresses/PublicIP-LB",
                "public_ip_prefix_id": "",
                "subnet_id": "",
                "zones": []
              }
            ],
            "id": "/subscriptions/8f1f9ef1-522d-49f2-b4c5-5cf775f1769a/resourceGroups/production-resources/providers/Microsoft.Network/loadBalancers/LB-WebServers",
            "location": "eastus",
            "name": "LB-WebServers",
            "private_ip_address": "",
            "private_ip_addresses": [],
            "resource_group_name": "production-resources",
            "sku": "Basic",
            "tags": {
              "webserver-env": "Production"
            },
            "timeouts": null
          },
          "sensitive_attributes": [],
          "private": "eyJlMmJmYjczMC1lY2FhLTExZTYtOGY4OC0zNDM2M2JjN2M0YzAiOnsiY3JlYXRlIjoxODAwMDAwMDAwMDAwLCJkZWxldGUiOjE4MDAwMDAwMDAwMDAsInJlYWQiOjMwMDAwMDAwMDAwMCwidXBkYXRlIjoxODAwMDAwMDAwMDAwfX0=",
          "dependencies": [
            "azurerm_public_ip.PublicIP-LB",
            "azurerm_resource_group.RG-WebServers"
          ]
        }
      ]
    },
    {
      "mode": "managed",
      "type": "azurerm_lb_backend_address_pool",
      "name": "BackEndAddressPool",
      "provider": "provider[\"registry.terraform.io/hashicorp/azurerm\"]",
      "instances": [
        {
          "schema_version": 0,
          "attributes": {
            "backend_address": [],
            "backend_ip_configurations": [
              "/subscriptions/8f1f9ef1-522d-49f2-b4c5-5cf775f1769a/resourceGroups/production-resources/providers/Microsoft.Network/networkInterfaces/VNIC-WebServer3/ipConfigurations/IPconfig3",
              "/subscriptions/8f1f9ef1-522d-49f2-b4c5-5cf775f1769a/resourceGroups/production-resources/providers/Microsoft.Network/networkInterfaces/VNIC-WebServer1/ipConfigurations/IPconfig1",
              "/subscriptions/8f1f9ef1-522d-49f2-b4c5-5cf775f1769a/resourceGroups/production-resources/providers/Microsoft.Network/networkInterfaces/VNIC-WebServer2/ipConfigurations/IPconfig2"
            ],
            "id": "/subscriptions/8f1f9ef1-522d-49f2-b4c5-5cf775f1769a/resourceGroups/production-resources/providers/Microsoft.Network/loadBalancers/LB-WebServers/backendAddressPools/BackEndAddressPool",
            "load_balancing_rules": [],
            "loadbalancer_id": "/subscriptions/8f1f9ef1-522d-49f2-b4c5-5cf775f1769a/resourceGroups/production-resources/providers/Microsoft.Network/loadBalancers/LB-WebServers",
            "name": "BackEndAddressPool",
            "outbound_rules": [],
            "resource_group_name": "production-resources",
            "timeouts": null
          },
          "sensitive_attributes": [],
          "private": "eyJlMmJmYjczMC1lY2FhLTExZTYtOGY4OC0zNDM2M2JjN2M0YzAiOnsiY3JlYXRlIjoxODAwMDAwMDAwMDAwLCJkZWxldGUiOjE4MDAwMDAwMDAwMDAsInJlYWQiOjMwMDAwMDAwMDAwMCwidXBkYXRlIjoxODAwMDAwMDAwMDAwfX0=",
          "dependencies": [
            "azurerm_lb.LB-WebServers",
            "azurerm_public_ip.PublicIP-LB",
            "azurerm_resource_group.RG-WebServers"
          ]
        }
      ]
    },
    {
      "mode": "managed",
      "type": "azurerm_network_interface",
      "name": "VNIC-WebServer1",
      "provider": "provider[\"registry.terraform.io/hashicorp/azurerm\"]",
      "instances": [
        {
          "schema_version": 0,
          "attributes": {
            "applied_dns_servers": [],
            "dns_servers": [],
            "enable_accelerated_networking": false,
            "enable_ip_forwarding": false,
            "id": "/subscriptions/8f1f9ef1-522d-49f2-b4c5-5cf775f1769a/resourceGroups/production-resources/providers/Microsoft.Network/networkInterfaces/VNIC-WebServer1",
            "internal_dns_name_label": "",
            "internal_domain_name_suffix": "mn0gpqzk3qmelo3uwqqkpjqvch.bx.internal.cloudapp.net",
            "ip_configuration": [
              {
                "name": "IPconfig1",
                "primary": true,
                "private_ip_address": "10.0.0.5",
                "private_ip_address_allocation": "Dynamic",
                "private_ip_address_version": "IPv4",
                "public_ip_address_id": "/subscriptions/8f1f9ef1-522d-49f2-b4c5-5cf775f1769a/resourceGroups/production-resources/providers/Microsoft.Network/publicIPAddresses/PublicIP-WebServer1",
                "subnet_id": "/subscriptions/8f1f9ef1-522d-49f2-b4c5-5cf775f1769a/resourceGroups/production-resources/providers/Microsoft.Network/virtualNetworks/production-network/subnets/Subnet-WebServers"
              }
            ],
            "location": "eastus",
            "mac_address": "00-0D-3A-8F-EB-2D",
            "name": "VNIC-WebServer1",
            "private_ip_address": "10.0.0.5",
            "private_ip_addresses": [
              "10.0.0.5"
            ],
            "resource_group_name": "production-resources",
            "tags": {
              "webserver-env": "Production"
            },
            "timeouts": null,
            "virtual_machine_id": "/subscriptions/8f1f9ef1-522d-49f2-b4c5-5cf775f1769a/resourceGroups/production-resources/providers/Microsoft.Compute/virtualMachines/WebServer1"
          },
          "sensitive_attributes": [],
          "private": "eyJlMmJmYjczMC1lY2FhLTExZTYtOGY4OC0zNDM2M2JjN2M0YzAiOnsiY3JlYXRlIjoxODAwMDAwMDAwMDAwLCJkZWxldGUiOjE4MDAwMDAwMDAwMDAsInJlYWQiOjMwMDAwMDAwMDAwMCwidXBkYXRlIjoxODAwMDAwMDAwMDAwfX0=",
          "dependencies": [
            "azurerm_public_ip.PublicIP-WebServer1",
            "azurerm_resource_group.RG-WebServers",
            "azurerm_subnet.Subnet-WebServers",
            "azurerm_virtual_network.VNET-WebServers"
          ]
        }
      ]
    },
    {
      "mode": "managed",
      "type": "azurerm_network_interface",
      "name": "VNIC-WebServer2",
      "provider": "provider[\"registry.terraform.io/hashicorp/azurerm\"]",
      "instances": [
        {
          "schema_version": 0,
          "attributes": {
            "applied_dns_servers": [],
            "dns_servers": [],
            "enable_accelerated_networking": false,
            "enable_ip_forwarding": false,
            "id": "/subscriptions/8f1f9ef1-522d-49f2-b4c5-5cf775f1769a/resourceGroups/production-resources/providers/Microsoft.Network/networkInterfaces/VNIC-WebServer2",
            "internal_dns_name_label": "",
            "internal_domain_name_suffix": "mn0gpqzk3qmelo3uwqqkpjqvch.bx.internal.cloudapp.net",
            "ip_configuration": [
              {
                "name": "IPconfig2",
                "primary": true,
                "private_ip_address": "10.0.0.6",
                "private_ip_address_allocation": "Dynamic",
                "private_ip_address_version": "IPv4",
                "public_ip_address_id": "/subscriptions/8f1f9ef1-522d-49f2-b4c5-5cf775f1769a/resourceGroups/production-resources/providers/Microsoft.Network/publicIPAddresses/PublicIP-WebServer2",
                "subnet_id": "/subscriptions/8f1f9ef1-522d-49f2-b4c5-5cf775f1769a/resourceGroups/production-resources/providers/Microsoft.Network/virtualNetworks/production-network/subnets/Subnet-WebServers"
              }
            ],
            "location": "eastus",
            "mac_address": "",
            "name": "VNIC-WebServer2",
            "private_ip_address": "10.0.0.6",
            "private_ip_addresses": [
              "10.0.0.6"
            ],
            "resource_group_name": "production-resources",
            "tags": {
              "webserver-env": "Production"
            },
            "timeouts": null,
            "virtual_machine_id": ""
          },
          "sensitive_attributes": [],
          "private": "eyJlMmJmYjczMC1lY2FhLTExZTYtOGY4OC0zNDM2M2JjN2M0YzAiOnsiY3JlYXRlIjoxODAwMDAwMDAwMDAwLCJkZWxldGUiOjE4MDAwMDAwMDAwMDAsInJlYWQiOjMwMDAwMDAwMDAwMCwidXBkYXRlIjoxODAwMDAwMDAwMDAwfX0=",
          "dependencies": [
            "azurerm_public_ip.PublicIP-WebServer2",
            "azurerm_resource_group.RG-WebServers",
            "azurerm_subnet.Subnet-WebServers",
            "azurerm_virtual_network.VNET-WebServers"
          ]
        }
      ]
    },
    {
      "mode": "managed",
      "type": "azurerm_network_interface",
      "name": "VNIC-WebServer3",
      "provider": "provider[\"registry.terraform.io/hashicorp/azurerm\"]",
      "instances": [
        {
          "schema_version": 0,
          "attributes": {
            "applied_dns_servers": [],
            "dns_servers": [],
            "enable_accelerated_networking": false,
            "enable_ip_forwarding": false,
            "id": "/subscriptions/8f1f9ef1-522d-49f2-b4c5-5cf775f1769a/resourceGroups/production-resources/providers/Microsoft.Network/networkInterfaces/VNIC-WebServer3",
            "internal_dns_name_label": "",
            "internal_domain_name_suffix": "mn0gpqzk3qmelo3uwqqkpjqvch.bx.internal.cloudapp.net",
            "ip_configuration": [
              {
                "name": "IPconfig3",
                "primary": true,
                "private_ip_address": "10.0.0.4",
                "private_ip_address_allocation": "Dynamic",
                "private_ip_address_version": "IPv4",
                "public_ip_address_id": "/subscriptions/8f1f9ef1-522d-49f2-b4c5-5cf775f1769a/resourceGroups/production-resources/providers/Microsoft.Network/publicIPAddresses/PublicIP-WebServer3",
                "subnet_id": "/subscriptions/8f1f9ef1-522d-49f2-b4c5-5cf775f1769a/resourceGroups/production-resources/providers/Microsoft.Network/virtualNetworks/production-network/subnets/Subnet-WebServers"
              }
            ],
            "location": "eastus",
            "mac_address": "",
            "name": "VNIC-WebServer3",
            "private_ip_address": "10.0.0.4",
            "private_ip_addresses": [
              "10.0.0.4"
            ],
            "resource_group_name": "production-resources",
            "tags": {
              "webserver-env": "Production"
            },
            "timeouts": null,
            "virtual_machine_id": ""
          },
          "sensitive_attributes": [],
          "private": "eyJlMmJmYjczMC1lY2FhLTExZTYtOGY4OC0zNDM2M2JjN2M0YzAiOnsiY3JlYXRlIjoxODAwMDAwMDAwMDAwLCJkZWxldGUiOjE4MDAwMDAwMDAwMDAsInJlYWQiOjMwMDAwMDAwMDAwMCwidXBkYXRlIjoxODAwMDAwMDAwMDAwfX0=",
          "dependencies": [
            "azurerm_public_ip.PublicIP-WebServer3",
            "azurerm_resource_group.RG-WebServers",
            "azurerm_subnet.Subnet-WebServers",
            "azurerm_virtual_network.VNET-WebServers"
          ]
        }
      ]
    },
    {
      "mode": "managed",
      "type": "azurerm_network_interface_backend_address_pool_association",
      "name": "LB-VNIC-WebServer1",
      "provider": "provider[\"registry.terraform.io/hashicorp/azurerm\"]",
      "instances": [
        {
          "schema_version": 0,
          "attributes": {
            "backend_address_pool_id": "/subscriptions/8f1f9ef1-522d-49f2-b4c5-5cf775f1769a/resourceGroups/production-resources/providers/Microsoft.Network/loadBalancers/LB-WebServers/backendAddressPools/BackEndAddressPool",
            "id": "/subscriptions/8f1f9ef1-522d-49f2-b4c5-5cf775f1769a/resourceGroups/production-resources/providers/Microsoft.Network/networkInterfaces/VNIC-WebServer1/ipConfigurations/IPconfig1|/subscriptions/8f1f9ef1-522d-49f2-b4c5-5cf775f1769a/resourceGroups/production-resources/providers/Microsoft.Network/loadBalancers/LB-WebServers/backendAddressPools/BackEndAddressPool",
            "ip_configuration_name": "IPconfig1",
            "network_interface_id": "/subscriptions/8f1f9ef1-522d-49f2-b4c5-5cf775f1769a/resourceGroups/production-resources/providers/Microsoft.Network/networkInterfaces/VNIC-WebServer1",
            "timeouts": null
          },
          "sensitive_attributes": [],
          "private": "eyJlMmJmYjczMC1lY2FhLTExZTYtOGY4OC0zNDM2M2JjN2M0YzAiOnsiY3JlYXRlIjoxODAwMDAwMDAwMDAwLCJkZWxldGUiOjE4MDAwMDAwMDAwMDAsInJlYWQiOjMwMDAwMDAwMDAwMCwidXBkYXRlIjoxODAwMDAwMDAwMDAwfX0=",
          "dependencies": [
            "azurerm_lb.LB-WebServers",
            "azurerm_lb_backend_address_pool.BackEndAddressPool",
            "azurerm_network_interface.VNIC-WebServer1",
            "azurerm_public_ip.PublicIP-LB",
            "azurerm_public_ip.PublicIP-WebServer1",
            "azurerm_resource_group.RG-WebServers",
            "azurerm_subnet.Subnet-WebServers",
            "azurerm_virtual_network.VNET-WebServers"
          ]
        }
      ]
    },
    {
      "mode": "managed",
      "type": "azurerm_network_interface_backend_address_pool_association",
      "name": "LB-VNIC-WebServer2",
      "provider": "provider[\"registry.terraform.io/hashicorp/azurerm\"]",
      "instances": [
        {
          "schema_version": 0,
          "attributes": {
            "backend_address_pool_id": "/subscriptions/8f1f9ef1-522d-49f2-b4c5-5cf775f1769a/resourceGroups/production-resources/providers/Microsoft.Network/loadBalancers/LB-WebServers/backendAddressPools/BackEndAddressPool",
            "id": "/subscriptions/8f1f9ef1-522d-49f2-b4c5-5cf775f1769a/resourceGroups/production-resources/providers/Microsoft.Network/networkInterfaces/VNIC-WebServer2/ipConfigurations/IPconfig2|/subscriptions/8f1f9ef1-522d-49f2-b4c5-5cf775f1769a/resourceGroups/production-resources/providers/Microsoft.Network/loadBalancers/LB-WebServers/backendAddressPools/BackEndAddressPool",
            "ip_configuration_name": "IPconfig2",
            "network_interface_id": "/subscriptions/8f1f9ef1-522d-49f2-b4c5-5cf775f1769a/resourceGroups/production-resources/providers/Microsoft.Network/networkInterfaces/VNIC-WebServer2",
            "timeouts": null
          },
          "sensitive_attributes": [],
          "private": "eyJlMmJmYjczMC1lY2FhLTExZTYtOGY4OC0zNDM2M2JjN2M0YzAiOnsiY3JlYXRlIjoxODAwMDAwMDAwMDAwLCJkZWxldGUiOjE4MDAwMDAwMDAwMDAsInJlYWQiOjMwMDAwMDAwMDAwMCwidXBkYXRlIjoxODAwMDAwMDAwMDAwfX0=",
          "dependencies": [
            "azurerm_lb.LB-WebServers",
            "azurerm_lb_backend_address_pool.BackEndAddressPool",
            "azurerm_network_interface.VNIC-WebServer2",
            "azurerm_public_ip.PublicIP-LB",
            "azurerm_public_ip.PublicIP-WebServer2",
            "azurerm_resource_group.RG-WebServers",
            "azurerm_subnet.Subnet-WebServers",
            "azurerm_virtual_network.VNET-WebServers"
          ]
        }
      ]
    },
    {
      "mode": "managed",
      "type": "azurerm_network_interface_backend_address_pool_association",
      "name": "LB-VNIC-WebServer3",
      "provider": "provider[\"registry.terraform.io/hashicorp/azurerm\"]",
      "instances": [
        {
          "schema_version": 0,
          "attributes": {
            "backend_address_pool_id": "/subscriptions/8f1f9ef1-522d-49f2-b4c5-5cf775f1769a/resourceGroups/production-resources/providers/Microsoft.Network/loadBalancers/LB-WebServers/backendAddressPools/BackEndAddressPool",
            "id": "/subscriptions/8f1f9ef1-522d-49f2-b4c5-5cf775f1769a/resourceGroups/production-resources/providers/Microsoft.Network/networkInterfaces/VNIC-WebServer3/ipConfigurations/IPconfig3|/subscriptions/8f1f9ef1-522d-49f2-b4c5-5cf775f1769a/resourceGroups/production-resources/providers/Microsoft.Network/loadBalancers/LB-WebServers/backendAddressPools/BackEndAddressPool",
            "ip_configuration_name": "IPconfig3",
            "network_interface_id": "/subscriptions/8f1f9ef1-522d-49f2-b4c5-5cf775f1769a/resourceGroups/production-resources/providers/Microsoft.Network/networkInterfaces/VNIC-WebServer3",
            "timeouts": null
          },
          "sensitive_attributes": [],
          "private": "eyJlMmJmYjczMC1lY2FhLTExZTYtOGY4OC0zNDM2M2JjN2M0YzAiOnsiY3JlYXRlIjoxODAwMDAwMDAwMDAwLCJkZWxldGUiOjE4MDAwMDAwMDAwMDAsInJlYWQiOjMwMDAwMDAwMDAwMCwidXBkYXRlIjoxODAwMDAwMDAwMDAwfX0=",
          "dependencies": [
            "azurerm_lb.LB-WebServers",
            "azurerm_lb_backend_address_pool.BackEndAddressPool",
            "azurerm_network_interface.VNIC-WebServer3",
            "azurerm_public_ip.PublicIP-LB",
            "azurerm_public_ip.PublicIP-WebServer3",
            "azurerm_resource_group.RG-WebServers",
            "azurerm_subnet.Subnet-WebServers",
            "azurerm_virtual_network.VNET-WebServers"
          ]
        }
      ]
    },
    {
      "mode": "managed",
      "type": "azurerm_network_interface_security_group_association",
      "name": "VNIC-NSG-1",
      "provider": "provider[\"registry.terraform.io/hashicorp/azurerm\"]",
      "instances": [
        {
          "schema_version": 0,
          "attributes": {
            "id": "/subscriptions/8f1f9ef1-522d-49f2-b4c5-5cf775f1769a/resourceGroups/production-resources/providers/Microsoft.Network/networkInterfaces/VNIC-WebServer1|/subscriptions/8f1f9ef1-522d-49f2-b4c5-5cf775f1769a/resourceGroups/production-resources/providers/Microsoft.Network/networkSecurityGroups/production-nsgs",
            "network_interface_id": "/subscriptions/8f1f9ef1-522d-49f2-b4c5-5cf775f1769a/resourceGroups/production-resources/providers/Microsoft.Network/networkInterfaces/VNIC-WebServer1",
            "network_security_group_id": "/subscriptions/8f1f9ef1-522d-49f2-b4c5-5cf775f1769a/resourceGroups/production-resources/providers/Microsoft.Network/networkSecurityGroups/production-nsgs",
            "timeouts": null
          },
          "sensitive_attributes": [],
          "private": "eyJlMmJmYjczMC1lY2FhLTExZTYtOGY4OC0zNDM2M2JjN2M0YzAiOnsiY3JlYXRlIjoxODAwMDAwMDAwMDAwLCJkZWxldGUiOjE4MDAwMDAwMDAwMDAsInJlYWQiOjMwMDAwMDAwMDAwMCwidXBkYXRlIjoxODAwMDAwMDAwMDAwfX0=",
          "dependencies": [
            "azurerm_network_interface.VNIC-WebServer1",
            "azurerm_network_security_group.NSG-WebServers",
            "azurerm_public_ip.PublicIP-WebServer1",
            "azurerm_resource_group.RG-WebServers",
            "azurerm_subnet.Subnet-WebServers",
            "azurerm_virtual_network.VNET-WebServers"
          ]
        }
      ]
    },
    {
      "mode": "managed",
      "type": "azurerm_network_interface_security_group_association",
      "name": "VNIC-NSG-2",
      "provider": "provider[\"registry.terraform.io/hashicorp/azurerm\"]",
      "instances": [
        {
          "schema_version": 0,
          "attributes": {
            "id": "/subscriptions/8f1f9ef1-522d-49f2-b4c5-5cf775f1769a/resourceGroups/production-resources/providers/Microsoft.Network/networkInterfaces/VNIC-WebServer2|/subscriptions/8f1f9ef1-522d-49f2-b4c5-5cf775f1769a/resourceGroups/production-resources/providers/Microsoft.Network/networkSecurityGroups/production-nsgs",
            "network_interface_id": "/subscriptions/8f1f9ef1-522d-49f2-b4c5-5cf775f1769a/resourceGroups/production-resources/providers/Microsoft.Network/networkInterfaces/VNIC-WebServer2",
            "network_security_group_id": "/subscriptions/8f1f9ef1-522d-49f2-b4c5-5cf775f1769a/resourceGroups/production-resources/providers/Microsoft.Network/networkSecurityGroups/production-nsgs",
            "timeouts": null
          },
          "sensitive_attributes": [],
          "private": "eyJlMmJmYjczMC1lY2FhLTExZTYtOGY4OC0zNDM2M2JjN2M0YzAiOnsiY3JlYXRlIjoxODAwMDAwMDAwMDAwLCJkZWxldGUiOjE4MDAwMDAwMDAwMDAsInJlYWQiOjMwMDAwMDAwMDAwMCwidXBkYXRlIjoxODAwMDAwMDAwMDAwfX0=",
          "dependencies": [
            "azurerm_network_interface.VNIC-WebServer2",
            "azurerm_network_security_group.NSG-WebServers",
            "azurerm_public_ip.PublicIP-WebServer2",
            "azurerm_resource_group.RG-WebServers",
            "azurerm_subnet.Subnet-WebServers",
            "azurerm_virtual_network.VNET-WebServers"
          ]
        }
      ]
    },
    {
      "mode": "managed",
      "type": "azurerm_network_interface_security_group_association",
      "name": "VNIC-NSG-3",
      "provider": "provider[\"registry.terraform.io/hashicorp/azurerm\"]",
      "instances": [
        {
          "schema_version": 0,
          "attributes": {
            "id": "/subscriptions/8f1f9ef1-522d-49f2-b4c5-5cf775f1769a/resourceGroups/production-resources/providers/Microsoft.Network/networkInterfaces/VNIC-WebServer3|/subscriptions/8f1f9ef1-522d-49f2-b4c5-5cf775f1769a/resourceGroups/production-resources/providers/Microsoft.Network/networkSecurityGroups/production-nsgs",
            "network_interface_id": "/subscriptions/8f1f9ef1-522d-49f2-b4c5-5cf775f1769a/resourceGroups/production-resources/providers/Microsoft.Network/networkInterfaces/VNIC-WebServer3",
            "network_security_group_id": "/subscriptions/8f1f9ef1-522d-49f2-b4c5-5cf775f1769a/resourceGroups/production-resources/providers/Microsoft.Network/networkSecurityGroups/production-nsgs",
            "timeouts": null
          },
          "sensitive_attributes": [],
          "private": "eyJlMmJmYjczMC1lY2FhLTExZTYtOGY4OC0zNDM2M2JjN2M0YzAiOnsiY3JlYXRlIjoxODAwMDAwMDAwMDAwLCJkZWxldGUiOjE4MDAwMDAwMDAwMDAsInJlYWQiOjMwMDAwMDAwMDAwMCwidXBkYXRlIjoxODAwMDAwMDAwMDAwfX0=",
          "dependencies": [
            "azurerm_network_interface.VNIC-WebServer3",
            "azurerm_network_security_group.NSG-WebServers",
            "azurerm_public_ip.PublicIP-WebServer3",
            "azurerm_resource_group.RG-WebServers",
            "azurerm_subnet.Subnet-WebServers",
            "azurerm_virtual_network.VNET-WebServers"
          ]
        }
      ]
    },
    {
      "mode": "managed",
      "type": "azurerm_network_security_group",
      "name": "NSG-WebServers",
      "provider": "provider[\"registry.terraform.io/hashicorp/azurerm\"]",
      "instances": [
        {
          "schema_version": 0,
          "attributes": {
            "id": "/subscriptions/8f1f9ef1-522d-49f2-b4c5-5cf775f1769a/resourceGroups/production-resources/providers/Microsoft.Network/networkSecurityGroups/production-nsgs",
            "location": "eastus",
            "name": "production-nsgs",
            "resource_group_name": "production-resources",
            "security_rule": [
              {
                "access": "Allow",
                "description": "",
                "destination_address_prefix": "10.0.0.0/24",
                "destination_address_prefixes": [],
                "destination_application_security_group_ids": [],
                "destination_port_range": "*",
                "destination_port_ranges": [],
                "direction": "Inbound",
                "name": "AllowLocalInbound",
                "priority": 100,
                "protocol": "*",
                "source_address_prefix": "10.0.0.0/24",
                "source_address_prefixes": [],
                "source_application_security_group_ids": [],
                "source_port_range": "*",
                "source_port_ranges": []
              },
              {
                "access": "Allow",
                "description": "",
                "destination_address_prefix": "10.0.0.0/24",
                "destination_address_prefixes": [],
                "destination_application_security_group_ids": [],
                "destination_port_range": "*",
                "destination_port_ranges": [],
                "direction": "Outbound",
                "name": "AllowLocalOutbound",
                "priority": 100,
                "protocol": "*",
                "source_address_prefix": "10.0.0.0/24",
                "source_address_prefixes": [],
                "source_application_security_group_ids": [],
                "source_port_range": "*",
                "source_port_ranges": []
              }
            ],
            "tags": {
              "webserver-env": "Production"
            },
            "timeouts": null
          },
          "sensitive_attributes": [],
          "private": "eyJlMmJmYjczMC1lY2FhLTExZTYtOGY4OC0zNDM2M2JjN2M0YzAiOnsiY3JlYXRlIjoxODAwMDAwMDAwMDAwLCJkZWxldGUiOjE4MDAwMDAwMDAwMDAsInJlYWQiOjMwMDAwMDAwMDAwMCwidXBkYXRlIjoxODAwMDAwMDAwMDAwfX0=",
          "dependencies": [
            "azurerm_resource_group.RG-WebServers"
          ]
        }
      ]
    },
    {
      "mode": "managed",
      "type": "azurerm_network_security_rule",
      "name": "AllowLocalInbound",
      "provider": "provider[\"registry.terraform.io/hashicorp/azurerm\"]",
      "instances": [
        {
          "schema_version": 0,
          "attributes": {
            "access": "Allow",
            "description": "",
            "destination_address_prefix": "10.0.0.0/24",
            "destination_address_prefixes": [],
            "destination_application_security_group_ids": [],
            "destination_port_range": "*",
            "destination_port_ranges": [],
            "direction": "Inbound",
            "id": "/subscriptions/8f1f9ef1-522d-49f2-b4c5-5cf775f1769a/resourceGroups/production-resources/providers/Microsoft.Network/networkSecurityGroups/production-nsgs/securityRules/AllowLocalInbound",
            "name": "AllowLocalInbound",
            "network_security_group_name": "production-nsgs",
            "priority": 100,
            "protocol": "*",
            "resource_group_name": "production-resources",
            "source_address_prefix": "10.0.0.0/24",
            "source_address_prefixes": [],
            "source_application_security_group_ids": [],
            "source_port_range": "*",
            "source_port_ranges": [],
            "timeouts": null
          },
          "sensitive_attributes": [],
          "private": "eyJlMmJmYjczMC1lY2FhLTExZTYtOGY4OC0zNDM2M2JjN2M0YzAiOnsiY3JlYXRlIjoxODAwMDAwMDAwMDAwLCJkZWxldGUiOjE4MDAwMDAwMDAwMDAsInJlYWQiOjMwMDAwMDAwMDAwMCwidXBkYXRlIjoxODAwMDAwMDAwMDAwfX0=",
          "dependencies": [
            "azurerm_network_security_group.NSG-WebServers",
            "azurerm_resource_group.RG-WebServers"
          ]
        }
      ]
    },
    {
      "mode": "managed",
      "type": "azurerm_network_security_rule",
      "name": "AllowLocalOutbound",
      "provider": "provider[\"registry.terraform.io/hashicorp/azurerm\"]",
      "instances": [
        {
          "schema_version": 0,
          "attributes": {
            "access": "Allow",
            "description": "",
            "destination_address_prefix": "10.0.0.0/24",
            "destination_address_prefixes": [],
            "destination_application_security_group_ids": [],
            "destination_port_range": "*",
            "destination_port_ranges": [],
            "direction": "Outbound",
            "id": "/subscriptions/8f1f9ef1-522d-49f2-b4c5-5cf775f1769a/resourceGroups/production-resources/providers/Microsoft.Network/networkSecurityGroups/production-nsgs/securityRules/AllowLocalOutbound",
            "name": "AllowLocalOutbound",
            "network_security_group_name": "production-nsgs",
            "priority": 100,
            "protocol": "*",
            "resource_group_name": "production-resources",
            "source_address_prefix": "10.0.0.0/24",
            "source_address_prefixes": [],
            "source_application_security_group_ids": [],
            "source_port_range": "*",
            "source_port_ranges": [],
            "timeouts": null
          },
          "sensitive_attributes": [],
          "private": "eyJlMmJmYjczMC1lY2FhLTExZTYtOGY4OC0zNDM2M2JjN2M0YzAiOnsiY3JlYXRlIjoxODAwMDAwMDAwMDAwLCJkZWxldGUiOjE4MDAwMDAwMDAwMDAsInJlYWQiOjMwMDAwMDAwMDAwMCwidXBkYXRlIjoxODAwMDAwMDAwMDAwfX0=",
          "dependencies": [
            "azurerm_network_security_group.NSG-WebServers",
            "azurerm_resource_group.RG-WebServers"
          ]
        }
      ]
    },
    {
      "mode": "managed",
      "type": "azurerm_public_ip",
      "name": "PublicIP-LB",
      "provider": "provider[\"registry.terraform.io/hashicorp/azurerm\"]",
      "instances": [
        {
          "schema_version": 0,
          "attributes": {
            "allocation_method": "Static",
            "domain_name_label": null,
            "fqdn": null,
            "id": "/subscriptions/8f1f9ef1-522d-49f2-b4c5-5cf775f1769a/resourceGroups/production-resources/providers/Microsoft.Network/publicIPAddresses/PublicIP-LB",
            "idle_timeout_in_minutes": 4,
            "ip_address": "52.188.57.10",
            "ip_version": "IPv4",
            "location": "eastus",
            "name": "PublicIP-LB",
            "public_ip_prefix_id": null,
            "resource_group_name": "production-resources",
            "reverse_fqdn": null,
            "sku": "Basic",
            "tags": {
              "webserver-env": "Production"
            },
            "timeouts": null,
            "zones": []
          },
          "sensitive_attributes": [],
          "private": "eyJlMmJmYjczMC1lY2FhLTExZTYtOGY4OC0zNDM2M2JjN2M0YzAiOnsiY3JlYXRlIjoxODAwMDAwMDAwMDAwLCJkZWxldGUiOjE4MDAwMDAwMDAwMDAsInJlYWQiOjMwMDAwMDAwMDAwMCwidXBkYXRlIjoxODAwMDAwMDAwMDAwfX0=",
          "dependencies": [
            "azurerm_resource_group.RG-WebServers"
          ]
        }
      ]
    },
    {
      "mode": "managed",
      "type": "azurerm_public_ip",
      "name": "PublicIP-WebServer1",
      "provider": "provider[\"registry.terraform.io/hashicorp/azurerm\"]",
      "instances": [
        {
          "schema_version": 0,
          "attributes": {
            "allocation_method": "Static",
            "domain_name_label": null,
            "fqdn": null,
            "id": "/subscriptions/8f1f9ef1-522d-49f2-b4c5-5cf775f1769a/resourceGroups/production-resources/providers/Microsoft.Network/publicIPAddresses/PublicIP-WebServer1",
            "idle_timeout_in_minutes": 4,
            "ip_address": "40.76.15.237",
            "ip_version": "IPv4",
            "location": "eastus",
            "name": "PublicIP-WebServer1",
            "public_ip_prefix_id": null,
            "resource_group_name": "production-resources",
            "reverse_fqdn": null,
            "sku": "Basic",
            "tags": {
              "webserver-env": "Production"
            },
            "timeouts": null,
            "zones": []
          },
          "sensitive_attributes": [],
          "private": "eyJlMmJmYjczMC1lY2FhLTExZTYtOGY4OC0zNDM2M2JjN2M0YzAiOnsiY3JlYXRlIjoxODAwMDAwMDAwMDAwLCJkZWxldGUiOjE4MDAwMDAwMDAwMDAsInJlYWQiOjMwMDAwMDAwMDAwMCwidXBkYXRlIjoxODAwMDAwMDAwMDAwfX0=",
          "dependencies": [
            "azurerm_resource_group.RG-WebServers"
          ]
        }
      ]
    },
    {
      "mode": "managed",
      "type": "azurerm_public_ip",
      "name": "PublicIP-WebServer2",
      "provider": "provider[\"registry.terraform.io/hashicorp/azurerm\"]",
      "instances": [
        {
          "schema_version": 0,
          "attributes": {
            "allocation_method": "Static",
            "domain_name_label": null,
            "fqdn": null,
            "id": "/subscriptions/8f1f9ef1-522d-49f2-b4c5-5cf775f1769a/resourceGroups/production-resources/providers/Microsoft.Network/publicIPAddresses/PublicIP-WebServer2",
            "idle_timeout_in_minutes": 4,
            "ip_address": "40.87.27.239",
            "ip_version": "IPv4",
            "location": "eastus",
            "name": "PublicIP-WebServer2",
            "public_ip_prefix_id": null,
            "resource_group_name": "production-resources",
            "reverse_fqdn": null,
            "sku": "Basic",
            "tags": {
              "webserver-env": "Production"
            },
            "timeouts": null,
            "zones": []
          },
          "sensitive_attributes": [],
          "private": "eyJlMmJmYjczMC1lY2FhLTExZTYtOGY4OC0zNDM2M2JjN2M0YzAiOnsiY3JlYXRlIjoxODAwMDAwMDAwMDAwLCJkZWxldGUiOjE4MDAwMDAwMDAwMDAsInJlYWQiOjMwMDAwMDAwMDAwMCwidXBkYXRlIjoxODAwMDAwMDAwMDAwfX0=",
          "dependencies": [
            "azurerm_resource_group.RG-WebServers"
          ]
        }
      ]
    },
    {
      "mode": "managed",
      "type": "azurerm_public_ip",
      "name": "PublicIP-WebServer3",
      "provider": "provider[\"registry.terraform.io/hashicorp/azurerm\"]",
      "instances": [
        {
          "schema_version": 0,
          "attributes": {
            "allocation_method": "Static",
            "domain_name_label": null,
            "fqdn": null,
            "id": "/subscriptions/8f1f9ef1-522d-49f2-b4c5-5cf775f1769a/resourceGroups/production-resources/providers/Microsoft.Network/publicIPAddresses/PublicIP-WebServer3",
            "idle_timeout_in_minutes": 4,
            "ip_address": "40.76.16.193",
            "ip_version": "IPv4",
            "location": "eastus",
            "name": "PublicIP-WebServer3",
            "public_ip_prefix_id": null,
            "resource_group_name": "production-resources",
            "reverse_fqdn": null,
            "sku": "Basic",
            "tags": {
              "webserver-env": "Production"
            },
            "timeouts": null,
            "zones": []
          },
          "sensitive_attributes": [],
          "private": "eyJlMmJmYjczMC1lY2FhLTExZTYtOGY4OC0zNDM2M2JjN2M0YzAiOnsiY3JlYXRlIjoxODAwMDAwMDAwMDAwLCJkZWxldGUiOjE4MDAwMDAwMDAwMDAsInJlYWQiOjMwMDAwMDAwMDAwMCwidXBkYXRlIjoxODAwMDAwMDAwMDAwfX0=",
          "dependencies": [
            "azurerm_resource_group.RG-WebServers"
          ]
        }
      ]
    },
    {
      "mode": "managed",
      "type": "azurerm_resource_group",
      "name": "RG-WebServers",
      "provider": "provider[\"registry.terraform.io/hashicorp/azurerm\"]",
      "instances": [
        {
          "schema_version": 0,
          "attributes": {
            "id": "/subscriptions/8f1f9ef1-522d-49f2-b4c5-5cf775f1769a/resourceGroups/production-resources",
            "location": "eastus",
            "name": "production-resources",
            "tags": {
              "webserver-env": "Production"
            },
            "timeouts": null
          },
          "sensitive_attributes": [],
          "private": "eyJlMmJmYjczMC1lY2FhLTExZTYtOGY4OC0zNDM2M2JjN2M0YzAiOnsiY3JlYXRlIjo1NDAwMDAwMDAwMDAwLCJkZWxldGUiOjU0MDAwMDAwMDAwMDAsInJlYWQiOjMwMDAwMDAwMDAwMCwidXBkYXRlIjo1NDAwMDAwMDAwMDAwfX0="
        }
      ]
    },
    {
      "mode": "managed",
      "type": "azurerm_subnet",
      "name": "Subnet-WebServers",
      "provider": "provider[\"registry.terraform.io/hashicorp/azurerm\"]",
      "instances": [
        {
          "schema_version": 0,
          "attributes": {
            "address_prefix": "10.0.0.0/24",
            "address_prefixes": [
              "10.0.0.0/24"
            ],
            "delegation": [],
            "enforce_private_link_endpoint_network_policies": false,
            "enforce_private_link_service_network_policies": false,
            "id": "/subscriptions/8f1f9ef1-522d-49f2-b4c5-5cf775f1769a/resourceGroups/production-resources/providers/Microsoft.Network/virtualNetworks/production-network/subnets/Subnet-WebServers",
            "name": "Subnet-WebServers",
            "resource_group_name": "production-resources",
            "service_endpoint_policy_ids": [],
            "service_endpoints": [],
            "timeouts": null,
            "virtual_network_name": "production-network"
          },
          "sensitive_attributes": [],
          "private": "eyJlMmJmYjczMC1lY2FhLTExZTYtOGY4OC0zNDM2M2JjN2M0YzAiOnsiY3JlYXRlIjoxODAwMDAwMDAwMDAwLCJkZWxldGUiOjE4MDAwMDAwMDAwMDAsInJlYWQiOjMwMDAwMDAwMDAwMCwidXBkYXRlIjoxODAwMDAwMDAwMDAwfX0=",
          "dependencies": [
            "azurerm_resource_group.RG-WebServers",
            "azurerm_virtual_network.VNET-WebServers"
          ]
        }
      ]
    },
    {
      "mode": "managed",
      "type": "azurerm_virtual_machine",
      "name": "WebServer1",
      "provider": "provider[\"registry.terraform.io/hashicorp/azurerm\"]",
      "instances": [
        {
          "schema_version": 0,
          "attributes": {
            "additional_capabilities": [],
            "availability_set_id": "/subscriptions/8f1f9ef1-522d-49f2-b4c5-5cf775f1769a/resourcegroups/production-resources/providers/microsoft.compute/availabilitysets/as-webservers",
            "boot_diagnostics": [],
            "delete_data_disks_on_termination": true,
            "delete_os_disk_on_termination": true,
            "id": "/subscriptions/8f1f9ef1-522d-49f2-b4c5-5cf775f1769a/resourceGroups/production-resources/providers/Microsoft.Compute/virtualMachines/WebServer1",
            "identity": [],
            "license_type": null,
            "location": "eastus",
            "name": "WebServer1",
            "network_interface_ids": [
              "/subscriptions/8f1f9ef1-522d-49f2-b4c5-5cf775f1769a/resourceGroups/production-resources/providers/Microsoft.Network/networkInterfaces/VNIC-WebServer1"
            ],
            "os_profile": [
              {
                "admin_password": "",
                "admin_username": "sysadmin",
                "computer_name": "hostname",
                "custom_data": ""
              }
            ],
            "os_profile_linux_config": [
              {
                "disable_password_authentication": false,
                "ssh_keys": []
              }
            ],
            "os_profile_secrets": [],
            "os_profile_windows_config": [],
            "plan": [],
            "primary_network_interface_id": null,
            "proximity_placement_group_id": null,
            "resource_group_name": "production-resources",
            "storage_data_disk": [],
            "storage_image_reference": [
              {
                "id": "/subscriptions/8f1f9ef1-522d-49f2-b4c5-5cf775f1769a/resourceGroups/MyPackerGroup/providers/Microsoft.Compute/images/MyPackerImage",
                "offer": "",
                "publisher": "",
                "sku": "",
                "version": ""
              }
            ],
            "storage_os_disk": [
              {
                "caching": "ReadWrite",
                "create_option": "FromImage",
                "disk_size_gb": 30,
                "image_uri": "",
                "managed_disk_id": "/subscriptions/8f1f9ef1-522d-49f2-b4c5-5cf775f1769a/resourceGroups/production-resources/providers/Microsoft.Compute/disks/WebServerOSdisk1",
                "managed_disk_type": "Standard_LRS",
                "name": "WebServerOSdisk1",
                "os_type": "Linux",
                "vhd_uri": "",
                "write_accelerator_enabled": false
              }
            ],
            "tags": {
              "webserver-env": "Production"
            },
            "timeouts": null,
            "vm_size": "Standard_D2_v2",
            "zones": []
          },
          "sensitive_attributes": [],
          "private": "eyJlMmJmYjczMC1lY2FhLTExZTYtOGY4OC0zNDM2M2JjN2M0YzAiOnsiY3JlYXRlIjozNjAwMDAwMDAwMDAwLCJkZWxldGUiOjM2MDAwMDAwMDAwMDAsInJlYWQiOjMwMDAwMDAwMDAwMCwidXBkYXRlIjozNjAwMDAwMDAwMDAwfX0=",
          "dependencies": [
            "azurerm_availability_set.AS-WebServers",
            "azurerm_network_interface.VNIC-WebServer1",
            "azurerm_public_ip.PublicIP-WebServer1",
            "azurerm_resource_group.RG-WebServers",
            "azurerm_subnet.Subnet-WebServers",
            "azurerm_virtual_network.VNET-WebServers"
          ]
        }
      ]
    },
    {
      "mode": "managed",
      "type": "azurerm_virtual_machine",
      "name": "WebServer2",
      "provider": "provider[\"registry.terraform.io/hashicorp/azurerm\"]",
      "instances": [
        {
          "schema_version": 0,
          "attributes": {
            "additional_capabilities": [],
            "availability_set_id": "/subscriptions/8f1f9ef1-522d-49f2-b4c5-5cf775f1769a/resourcegroups/production-resources/providers/microsoft.compute/availabilitysets/as-webservers",
            "boot_diagnostics": [],
            "delete_data_disks_on_termination": true,
            "delete_os_disk_on_termination": true,
            "id": "/subscriptions/8f1f9ef1-522d-49f2-b4c5-5cf775f1769a/resourceGroups/production-resources/providers/Microsoft.Compute/virtualMachines/WebServer2",
            "identity": [],
            "license_type": null,
            "location": "eastus",
            "name": "WebServer2",
            "network_interface_ids": [
              "/subscriptions/8f1f9ef1-522d-49f2-b4c5-5cf775f1769a/resourceGroups/production-resources/providers/Microsoft.Network/networkInterfaces/VNIC-WebServer2"
            ],
            "os_profile": [
              {
                "admin_password": "",
                "admin_username": "sysadmin",
                "computer_name": "hostname",
                "custom_data": ""
              }
            ],
            "os_profile_linux_config": [
              {
                "disable_password_authentication": false,
                "ssh_keys": []
              }
            ],
            "os_profile_secrets": [],
            "os_profile_windows_config": [],
            "plan": [],
            "primary_network_interface_id": null,
            "proximity_placement_group_id": null,
            "resource_group_name": "production-resources",
            "storage_data_disk": [],
            "storage_image_reference": [
              {
                "id": "/subscriptions/8f1f9ef1-522d-49f2-b4c5-5cf775f1769a/resourceGroups/MyPackerGroup/providers/Microsoft.Compute/images/MyPackerImage",
                "offer": "",
                "publisher": "",
                "sku": "",
                "version": ""
              }
            ],
            "storage_os_disk": [
              {
                "caching": "ReadWrite",
                "create_option": "FromImage",
                "disk_size_gb": 30,
                "image_uri": "",
                "managed_disk_id": "/subscriptions/8f1f9ef1-522d-49f2-b4c5-5cf775f1769a/resourceGroups/production-resources/providers/Microsoft.Compute/disks/WebServerOSdisk2",
                "managed_disk_type": "Standard_LRS",
                "name": "WebServerOSdisk2",
                "os_type": "Linux",
                "vhd_uri": "",
                "write_accelerator_enabled": false
              }
            ],
            "tags": {
              "webserver-env": "Production"
            },
            "timeouts": null,
            "vm_size": "Standard_D2_v2",
            "zones": null
          },
          "sensitive_attributes": [],
          "private": "eyJlMmJmYjczMC1lY2FhLTExZTYtOGY4OC0zNDM2M2JjN2M0YzAiOnsiY3JlYXRlIjozNjAwMDAwMDAwMDAwLCJkZWxldGUiOjM2MDAwMDAwMDAwMDAsInJlYWQiOjMwMDAwMDAwMDAwMCwidXBkYXRlIjozNjAwMDAwMDAwMDAwfX0=",
          "dependencies": [
            "azurerm_availability_set.AS-WebServers",
            "azurerm_network_interface.VNIC-WebServer2",
            "azurerm_resource_group.RG-WebServers"
          ]
        }
      ]
    },
    {
      "mode": "managed",
      "type": "azurerm_virtual_machine",
      "name": "WebServer3",
      "provider": "provider[\"registry.terraform.io/hashicorp/azurerm\"]",
      "instances": [
        {
          "schema_version": 0,
          "attributes": {
            "additional_capabilities": [],
            "availability_set_id": "/subscriptions/8f1f9ef1-522d-49f2-b4c5-5cf775f1769a/resourcegroups/production-resources/providers/microsoft.compute/availabilitysets/as-webservers",
            "boot_diagnostics": [],
            "delete_data_disks_on_termination": true,
            "delete_os_disk_on_termination": true,
            "id": "/subscriptions/8f1f9ef1-522d-49f2-b4c5-5cf775f1769a/resourceGroups/production-resources/providers/Microsoft.Compute/virtualMachines/WebServer3",
            "identity": [],
            "license_type": null,
            "location": "eastus",
            "name": "WebServer3",
            "network_interface_ids": [
              "/subscriptions/8f1f9ef1-522d-49f2-b4c5-5cf775f1769a/resourceGroups/production-resources/providers/Microsoft.Network/networkInterfaces/VNIC-WebServer3"
            ],
            "os_profile": [
              {
                "admin_password": "",
                "admin_username": "sysadmin",
                "computer_name": "hostname",
                "custom_data": ""
              }
            ],
            "os_profile_linux_config": [
              {
                "disable_password_authentication": false,
                "ssh_keys": []
              }
            ],
            "os_profile_secrets": [],
            "os_profile_windows_config": [],
            "plan": [],
            "primary_network_interface_id": null,
            "proximity_placement_group_id": null,
            "resource_group_name": "production-resources",
            "storage_data_disk": [],
            "storage_image_reference": [
              {
                "id": "/subscriptions/8f1f9ef1-522d-49f2-b4c5-5cf775f1769a/resourceGroups/MyPackerGroup/providers/Microsoft.Compute/images/MyPackerImage",
                "offer": "",
                "publisher": "",
                "sku": "",
                "version": ""
              }
            ],
            "storage_os_disk": [
              {
                "caching": "ReadWrite",
                "create_option": "FromImage",
                "disk_size_gb": 30,
                "image_uri": "",
                "managed_disk_id": "/subscriptions/8f1f9ef1-522d-49f2-b4c5-5cf775f1769a/resourceGroups/production-resources/providers/Microsoft.Compute/disks/WebServerOSdisk3",
                "managed_disk_type": "Standard_LRS",
                "name": "WebServerOSdisk3",
                "os_type": "Linux",
                "vhd_uri": "",
                "write_accelerator_enabled": false
              }
            ],
            "tags": {
              "webserver-env": "Production"
            },
            "timeouts": null,
            "vm_size": "Standard_D2_v2",
            "zones": null
          },
          "sensitive_attributes": [],
          "private": "eyJlMmJmYjczMC1lY2FhLTExZTYtOGY4OC0zNDM2M2JjN2M0YzAiOnsiY3JlYXRlIjozNjAwMDAwMDAwMDAwLCJkZWxldGUiOjM2MDAwMDAwMDAwMDAsInJlYWQiOjMwMDAwMDAwMDAwMCwidXBkYXRlIjozNjAwMDAwMDAwMDAwfX0=",
          "dependencies": [
            "azurerm_availability_set.AS-WebServers",
            "azurerm_network_interface.VNIC-WebServer3",
            "azurerm_resource_group.RG-WebServers"
          ]
        }
      ]
    },
    {
      "mode": "managed",
      "type": "azurerm_virtual_network",
      "name": "VNET-WebServers",
      "provider": "provider[\"registry.terraform.io/hashicorp/azurerm\"]",
      "instances": [
        {
          "schema_version": 0,
          "attributes": {
            "address_space": [
              "10.0.0.0/16"
            ],
            "bgp_community": "",
            "ddos_protection_plan": [],
            "dns_servers": [],
            "guid": "c3677463-ec2a-4518-bbb4-b420a7a61517",
            "id": "/subscriptions/8f1f9ef1-522d-49f2-b4c5-5cf775f1769a/resourceGroups/production-resources/providers/Microsoft.Network/virtualNetworks/production-network",
            "location": "eastus",
            "name": "production-network",
            "resource_group_name": "production-resources",
            "subnet": [
              {
                "address_prefix": "10.0.0.0/24",
                "id": "/subscriptions/8f1f9ef1-522d-49f2-b4c5-5cf775f1769a/resourceGroups/production-resources/providers/Microsoft.Network/virtualNetworks/production-network/subnets/Subnet-WebServers",
                "name": "Subnet-WebServers",
                "security_group": ""
              }
            ],
            "tags": {
              "webserver-env": "Production"
            },
            "timeouts": null,
            "vm_protection_enabled": false
          },
          "sensitive_attributes": [],
          "private": "eyJlMmJmYjczMC1lY2FhLTExZTYtOGY4OC0zNDM2M2JjN2M0YzAiOnsiY3JlYXRlIjoxODAwMDAwMDAwMDAwLCJkZWxldGUiOjE4MDAwMDAwMDAwMDAsInJlYWQiOjMwMDAwMDAwMDAwMCwidXBkYXRlIjoxODAwMDAwMDAwMDAwfX0=",
          "dependencies": [
            "azurerm_resource_group.RG-WebServers"
          ]
        }
      ]
    }
  ]
}
